
Microsoft Visual Studio Solution File, Format Version 12.00
# Visual Studio Version 16
VisualStudioVersion = 16.0.29519.87
MinimumVisualStudioVersion = 10.0.40219.1
Project("{FAE04EC0-301F-11D3-BF4B-00C04F79EFBC}") = "Bot_Mensajero", "Bot_Mensajero.csproj", "{B44CB075-46A6-4AF5-96E5-0A9131DB6DA8}"
EndProject
Global
	GlobalSection(SolutionConfigurationPlatforms) = preSolution
		Debug|Any CPU = Debug|Any CPU
		Release|Any CPU = Release|Any CPU
	EndGlobalSection
	GlobalSection(ProjectConfigurationPlatforms) = postSolution
		{B44CB075-46A6-4AF5-96E5-0A9131DB6DA8}.Debug|Any CPU.ActiveCfg = Debug|Any CPU
		{B44CB075-46A6-4AF5-96E5-0A9131DB6DA8}.Debug|Any CPU.Build.0 = Debug|Any CPU
		{B44CB075-46A6-4AF5-96E5-0A9131DB6DA8}.Release|Any CPU.ActiveCfg = Release|Any CPU
		{B44CB075-46A6-4AF5-96E5-0A9131DB6DA8}.Release|Any CPU.Build.0 = Release|Any CPU
	EndGlobalSection
	GlobalSection(SolutionProperties) = preSolution
		HideSolutionNode = FALSE
	EndGlobalSection
	GlobalSection(ExtensibilityGlobals) = postSolution
		SolutionGuid = {9BE4D0F9-704C-40B8-ABA7-3495810E1D99}
	EndGlobalSection
EndGlobal
